// !$*UTF8*$!
{
	archiveVersion = 1;
	classes = {
	};
	objectVersion = 46;
	objects = {

/* Begin PBXBuildFile section */
		8D266FAA1C605FD30056453E /* Vertex.swift in Sources */ = {isa = PBXBuildFile; fileRef = 8D266FA91C605FD30056453E /* Vertex.swift */; };
		8D266FAC1C6060240056453E /* Node.swift in Sources */ = {isa = PBXBuildFile; fileRef = 8D266FAB1C6060240056453E /* Node.swift */; };
		8D58B0841C61791100793007 /* Triangle.swift in Sources */ = {isa = PBXBuildFile; fileRef = 8D58B0831C61791100793007 /* Triangle.swift */; };
		8DB2209B1C5F0ED600AD8859 /* Matrix4.m in Sources */ = {isa = PBXBuildFile; fileRef = 8DB2209A1C5F0ED600AD8859 /* Matrix4.m */; };
		8DFBC5431C58BFC300B110A9 /* AppDelegate.swift in Sources */ = {isa = PBXBuildFile; fileRef = 8DFBC5421C58BFC300B110A9 /* AppDelegate.swift */; };
		8DFBC5451C58BFC300B110A9 /* ViewController.swift in Sources */ = {isa = PBXBuildFile; fileRef = 8DFBC5441C58BFC300B110A9 /* ViewController.swift */; };
		8DFBC5481C58BFC300B110A9 /* Main.storyboard in Resources */ = {isa = PBXBuildFile; fileRef = 8DFBC5461C58BFC300B110A9 /* Main.storyboard */; };
		8DFBC54A1C58BFC300B110A9 /* Assets.xcassets in Resources */ = {isa = PBXBuildFile; fileRef = 8DFBC5491C58BFC300B110A9 /* Assets.xcassets */; };
		8DFBC54D1C58BFC300B110A9 /* LaunchScreen.storyboard in Resources */ = {isa = PBXBuildFile; fileRef = 8DFBC54B1C58BFC300B110A9 /* LaunchScreen.storyboard */; };
		8DFBC5551C58C04500B110A9 /* QuartzCore.framework in Frameworks */ = {isa = PBXBuildFile; fileRef = 8DFBC5541C58C04500B110A9 /* QuartzCore.framework */; };
		8DFBC5571C58C29F00B110A9 /* Shaders.metal in Sources */ = {isa = PBXBuildFile; fileRef = 8DFBC5561C58C29F00B110A9 /* Shaders.metal */; };
/* End PBXBuildFile section */

/* Begin PBXFileReference section */
		8D266FA91C605FD30056453E /* Vertex.swift */ = {isa = PBXFileReference; fileEncoding = 4; lastKnownFileType = sourcecode.swift; path = Vertex.swift; sourceTree = "<group>"; };
		8D266FAB1C6060240056453E /* Node.swift */ = {isa = PBXFileReference; fileEncoding = 4; lastKnownFileType = sourcecode.swift; path = Node.swift; sourceTree = "<group>"; };
		8D58B0831C61791100793007 /* Triangle.swift */ = {isa = PBXFileReference; fileEncoding = 4; lastKnownFileType = sourcecode.swift; path = Triangle.swift; sourceTree = "<group>"; };
		8DB220981C5F0ED600AD8859 /* HelloMetal-Bridging-Header.h */ = {isa = PBXFileReference; lastKnownFileType = sourcecode.c.h; path = "HelloMetal-Bridging-Header.h"; sourceTree = "<group>"; };
		8DB220991C5F0ED600AD8859 /* Matrix4.h */ = {isa = PBXFileReference; fileEncoding = 4; lastKnownFileType = sourcecode.c.h; path = Matrix4.h; sourceTree = "<group>"; };
		8DB2209A1C5F0ED600AD8859 /* Matrix4.m */ = {isa = PBXFileReference; fileEncoding = 4; lastKnownFileType = sourcecode.c.objc; path = Matrix4.m; sourceTree = "<group>"; };
		8DFBC53F1C58BFC200B110A9 /* HelloMetal.app */ = {isa = PBXFileReference; explicitFileType = wrapper.application; includeInIndex = 0; path = HelloMetal.app; sourceTree = BUILT_PRODUCTS_DIR; };
		8DFBC5421C58BFC300B110A9 /* AppDelegate.swift */ = {isa = PBXFileReference; lastKnownFileType = sourcecode.swift; path = AppDelegate.swift; sourceTree = "<group>"; };
		8DFBC5441C58BFC300B110A9 /* ViewController.swift */ = {isa = PBXFileReference; lastKnownFileType = sourcecode.swift; path = ViewController.swift; sourceTree = "<group>"; };
		8DFBC5471C58BFC300B110A9 /* Base */ = {isa = PBXFileReference; lastKnownFileType = file.storyboard; name = Base; path = Base.lproj/Main.storyboard; sourceTree = "<group>"; };
		8DFBC5491C58BFC300B110A9 /* Assets.xcassets */ = {isa = PBXFileReference; lastKnownFileType = folder.assetcatalog; path = Assets.xcassets; sourceTree = "<group>"; };
		8DFBC54C1C58BFC300B110A9 /* Base */ = {isa = PBXFileReference; lastKnownFileType = file.storyboard; name = Base; path = Base.lproj/LaunchScreen.storyboard; sourceTree = "<group>"; };
		8DFBC54E1C58BFC300B110A9 /* Info.plist */ = {isa = PBXFileReference; lastKnownFileType = text.plist.xml; path = Info.plist; sourceTree = "<group>"; };
		8DFBC5541C58C04500B110A9 /* QuartzCore.framework */ = {isa = PBXFileReference; lastKnownFileType = wrapper.framework; name = QuartzCore.framework; path = System/Library/Frameworks/QuartzCore.framework; sourceTree = SDKROOT; };
		8DFBC5561C58C29F00B110A9 /* Shaders.metal */ = {isa = PBXFileReference; fileEncoding = 4; lastKnownFileType = sourcecode.metal; path = Shaders.metal; sourceTree = "<group>"; };
/* End PBXFileReference section */

/* Begin PBXFrameworksBuildPhase section */
		8DFBC53C1C58BFC200B110A9 /* Frameworks */ = {
			isa = PBXFrameworksBuildPhase;
			buildActionMask = 2147483647;
			files = (
				8DFBC5551C58C04500B110A9 /* QuartzCore.framework in Frameworks */,
			);
			runOnlyForDeploymentPostprocessing = 0;
		};
/* End PBXFrameworksBuildPhase section */

/* Begin PBXGroup section */
		8DFBC5361C58BFC200B110A9 = {
			isa = PBXGroup;
			children = (
				8DFBC5541C58C04500B110A9 /* QuartzCore.framework */,
				8DFBC5411C58BFC300B110A9 /* HelloMetal */,
				8DFBC5401C58BFC300B110A9 /* Products */,
			);
			sourceTree = "<group>";
		};
		8DFBC5401C58BFC300B110A9 /* Products */ = {
			isa = PBXGroup;
			children = (
				8DFBC53F1C58BFC200B110A9 /* HelloMetal.app */,
			);
			name = Products;
			sourceTree = "<group>";
		};
		8DFBC5411C58BFC300B110A9 /* HelloMetal */ = {
			isa = PBXGroup;
			children = (
				8DB220991C5F0ED600AD8859 /* Matrix4.h */,
				8DB2209A1C5F0ED600AD8859 /* Matrix4.m */,
				8DFBC5421C58BFC300B110A9 /* AppDelegate.swift */,
				8DFBC5441C58BFC300B110A9 /* ViewController.swift */,
				8DFBC5461C58BFC300B110A9 /* Main.storyboard */,
				8DFBC5491C58BFC300B110A9 /* Assets.xcassets */,
				8DFBC54B1C58BFC300B110A9 /* LaunchScreen.storyboard */,
				8DFBC54E1C58BFC300B110A9 /* Info.plist */,
				8DFBC5561C58C29F00B110A9 /* Shaders.metal */,
				8DB220981C5F0ED600AD8859 /* HelloMetal-Bridging-Header.h */,
				8D266FA91C605FD30056453E /* Vertex.swift */,
				8D266FAB1C6060240056453E /* Node.swift */,
				8D58B0831C61791100793007 /* Triangle.swift */,
			);
			path = HelloMetal;
			sourceTree = "<group>";
		};
/* End PBXGroup section */

/* Begin PBXNativeTarget section */
		8DFBC53E1C58BFC200B110A9 /* HelloMetal */ = {
			isa = PBXNativeTarget;
			buildConfigurationList = 8DFBC5511C58BFC300B110A9 /* Build configuration list for PBXNativeTarget "HelloMetal" */;
			buildPhases = (
				8DFBC53B1C58BFC200B110A9 /* Sources */,
				8DFBC53C1C58BFC200B110A9 /* Frameworks */,
				8DFBC53D1C58BFC200B110A9 /* Resources */,
			);
			buildRules = (
			);
			dependencies = (
			);
			name = HelloMetal;
			productName = HelloMetal;
			productReference = 8DFBC53F1C58BFC200B110A9 /* HelloMetal.app */;
			productType = "com.apple.product-type.application";
		};
/* End PBXNativeTarget section */

/* Begin PBXProject section */
		8DFBC5371C58BFC200B110A9 /* Project object */ = {
			isa = PBXProject;
			attributes = {
				LastSwiftUpdateCheck = 0720;
				LastUpgradeCheck = 0720;
				ORGANIZATIONNAME = local;
				TargetAttributes = {
					8DFBC53E1C58BFC200B110A9 = {
						CreatedOnToolsVersion = 7.2;
					};
				};
			};
			buildConfigurationList = 8DFBC53A1C58BFC200B110A9 /* Build configuration list for PBXProject "HelloMetal" */;
			compatibilityVersion = "Xcode 3.2";
			developmentRegion = English;
			hasScannedForEncodings = 0;
			knownRegions = (
				en,
				Base,
			);
			mainGroup = 8DFBC5361C58BFC200B110A9;
			productRefGroup = 8DFBC5401C58BFC300B110A9 /* Products */;
			projectDirPath = "";
			projectRoot = "";
			targets = (
				8DFBC53E1C58BFC200B110A9 /* HelloMetal */,
			);
		};
/* End PBXProject section */

/* Begin PBXResourcesBuildPhase section */
		8DFBC53D1C58BFC200B110A9 /* Resources */ = {
			isa = PBXResourcesBuildPhase;
			buildActionMask = 2147483647;
			files = (
				8DFBC54D1C58BFC300B110A9 /* LaunchScreen.storyboard in Resources */,
				8DFBC54A1C58BFC300B110A9 /* Assets.xcassets in Resources */,
				8DFBC5481C58BFC300B110A9 /* Main.storyboard in Resources */,
			);
			runOnlyForDeploymentPostprocessing = 0;
		};
/* End PBXResourcesBuildPhase section */

/* Begin PBXSourcesBuildPhase section */
		8DFBC53B1C58BFC200B110A9 /* Sources */ = {
			isa = PBXSourcesBuildPhase;
			buildActionMask = 2147483647;
			files = (
				8DFBC5571C58C29F00B110A9 /* Shaders.metal in Sources */,
				8DB2209B1C5F0ED600AD8859 /* Matrix4.m in Sources */,
				8DFBC5451C58BFC300B110A9 /* ViewController.swift in Sources */,
				8DFBC5431C58BFC300B110A9 /* AppDelegate.swift in Sources */,
				8D266FAA1C605FD30056453E /* Vertex.swift in Sources */,
				8D266FAC1C6060240056453E /* Node.swift in Sources */,
				8D58B0841C61791100793007 /* Triangle.swift in Sources */,
			);
			runOnlyForDeploymentPostprocessing = 0;
		};
/* End PBXSourcesBuildPhase section */

/* Begin PBXVariantGroup section */
		8DFBC5461C58BFC300B110A9 /* Main.storyboard */ = {
			isa = PBXVariantGroup;
			children = (
				8DFBC5471C58BFC300B110A9 /* Base */,
			);
			name = Main.storyboard;
			sourceTree = "<group>";
		};
		8DFBC54B1C58BFC300B110A9 /* LaunchScreen.storyboard */ = {
			isa = PBXVariantGroup;
			children = (
				8DFBC54C1C58BFC300B110A9 /* Base */,
			);
			name = LaunchScreen.storyboard;
			sourceTree = "<group>";
		};
/* End PBXVariantGroup section */

/* Begin XCBuildConfiguration section */
		8DFBC54F1C58BFC300B110A9 /* Debug */ = {
			isa = XCBuildConfiguration;
			buildSettings = {
				ALWAYS_SEARCH_USER_PATHS = NO;
				CLANG_CXX_LANGUAGE_STANDARD = "gnu++0x";
				CLANG_CXX_LIBRARY = "libc++";
				CLANG_ENABLE_MODULES = YES;
				CLANG_ENABLE_OBJC_ARC = YES;
				CLANG_WARN_BOOL_CONVERSION = YES;
				CLANG_WARN_CONSTANT_CONVERSION = YES;
				CLANG_WARN_DIRECT_OBJC_ISA_USAGE = YES_ERROR;
				CLANG_WARN_EMPTY_BODY = YES;
				CLANG_WARN_ENUM_CONVERSION = YES;
				CLANG_WARN_INT_CONVERSION = YES;
				CLANG_WARN_OBJC_ROOT_CLASS = YES_ERROR;
				CLANG_WARN_UNREACHABLE_CODE = YES;
				CLANG_WARN__DUPLICATE_METHOD_MATCH = YES;
				"CODE_SIGN_IDENTITY[sdk=iphoneos*]" = "iPhone Developer";
				COPY_PHASE_STRIP = NO;
				DEBUG_INFORMATION_FORMAT = dwarf;
				ENABLE_STRICT_OBJC_MSGSEND = YES;
				ENABLE_TESTABILITY = YES;
				GCC_C_LANGUAGE_STANDARD = gnu99;
				GCC_DYNAMIC_NO_PIC = NO;
				GCC_NO_COMMON_BLOCKS = YES;
				GCC_OPTIMIZATION_LEVEL = 0;
				GCC_PREPROCESSOR_DEFINITIONS = (
					"DEBUG=1",
					"$(inherited)",
				);
				GCC_WARN_64_TO_32_BIT_CONVERSION = YES;
				GCC_WARN_ABOUT_RETURN_TYPE = YES_ERROR;
				GCC_WARN_UNDECLARED_SELECTOR = YES;
				GCC_WARN_UNINITIALIZED_AUTOS = YES_AGGRESSIVE;
				GCC_WARN_UNUSED_FUNCTION = YES;
				GCC_WARN_UNUSED_VARIABLE = YES;
				IPHONEOS_DEPLOYMENT_TARGET = 9.2;
				MTL_ENABLE_DEBUG_INFO = YES;
				ONLY_ACTIVE_ARCH = YES;
				SDKROOT = iphoneos;
				SWIFT_OPTIMIZATION_LEVEL = "-Onone";
				TARGETED_DEVICE_FAMILY = "1,2";
			};
			name = Debug;
		};
		8DFBC5501C58BFC300B110A9 /* Release */ = {
			isa = XCBuildConfiguration;
			buildSettings = {
				ALWAYS_SEARCH_USER_PATHS = NO;
				CLANG_CXX_LANGUAGE_STANDARD = "gnu++0x";
				CLANG_CXX_LIBRARY = "libc++";
				CLANG_ENABLE_MODULES = YES;
				CLANG_ENABLE_OBJC_ARC = YES;
				CLANG_WARN_BOOL_CONVERSION = YES;
				CLANG_WARN_CONSTANT_CONVERSION = YES;
				CLANG_WARN_DIRECT_OBJC_ISA_USAGE = YES_ERROR;
				CLANG_WARN_EMPTY_BODY = YES;
				CLANG_WARN_ENUM_CONVERSION = YES;
				CLANG_WARN_INT_CONVERSION = YES;
				CLANG_WARN_OBJC_ROOT_CLASS = YES_ERROR;
				CLANG_WARN_UNREACHABLE_CODE = YES;
				CLANG_WARN__DUPLICATE_METHOD_MATCH = YES;
				"CODE_SIGN_IDENTITY[sdk=iphoneos*]" = "iPhone Developer";
				COPY_PHASE_STRIP = NO;
				DEBUG_INFORMATION_FORMAT = "dwarf-with-dsym";
				ENABLE_NS_ASSERTIONS = NO;
				ENABLE_STRICT_OBJC_MSGSEND = YES;
				GCC_C_LANGUAGE_STANDARD = gnu99;
				GCC_NO_COMMON_BLOCKS = YES;
				GCC_WARN_64_TO_32_BIT_CONVERSION = YES;
				GCC_WARN_ABOUT_RETURN_TYPE = YES_ERROR;
				GCC_WARN_UNDECLARED_SELECTOR = YES;
				GCC_WARN_UNINITIALIZED_AUTOS = YES_AGGRESSIVE;
				GCC_WARN_UNUSED_FUNCTION = YES;
				GCC_WARN_UNUSED_VARIABLE = YES;
				IPHONEOS_DEPLOYMENT_TARGET = 9.2;
				MTL_ENABLE_DEBUG_INFO = NO;
				SDKROOT = iphoneos;
				TARGETED_DEVICE_FAMILY = "1,2";
				VALIDATE_PRODUCT = YES;
			};
			name = Release;
		};
		8DFBC5521C58BFC300B110A9 /* Debug */ = {
			isa = XCBuildConfiguration;
			buildSettings = {
				ASSETCATALOG_COMPILER_APPICON_NAME = AppIcon;
				CLANG_ENABLE_MODULES = YES;
				INFOPLIST_FILE = HelloMetal/Info.plist;
				LD_RUNPATH_SEARCH_PATHS = "$(inherited) @executable_path/Frameworks";
				PRODUCT_BUNDLE_IDENTIFIER = local.HelloMetal;
				PRODUCT_NAME = "$(TARGET_NAME)";
				SWIFT_OBJC_BRIDGING_HEADER = "HelloMetal/HelloMetal-Bridging-Header.h";
				SWIFT_OPTIMIZATION_LEVEL = "-Onone";
			};
			name = Debug;
		};
		8DFBC5531C58BFC300B110A9 /* Release */ = {
			isa = XCBuildConfiguration;
			buildSettings = {
				ASSETCATALOG_COMPILER_APPICON_NAME = AppIcon;
				CLANG_ENABLE_MODULES = YES;
				INFOPLIST_FILE = HelloMetal/Info.plist;
				LD_RUNPATH_SEARCH_PATHS = "$(inherited) @executable_path/Frameworks";
				PRODUCT_BUNDLE_IDENTIFIER = local.HelloMetal;
				PRODUCT_NAME = "$(TARGET_NAME)";
				SWIFT_OBJC_BRIDGING_HEADER = "HelloMetal/HelloMetal-Bridging-Header.h";
			};
			name = Release;
		};
/* End XCBuildConfiguration section */

/* Begin XCConfigurationList section */
		8DFBC53A1C58BFC200B110A9 /* Build configuration list for PBXProject "HelloMetal" */ = {
			isa = XCConfigurationList;
			buildConfigurations = (
				8DFBC54F1C58BFC300B110A9 /* Debug */,
				8DFBC5501C58BFC300B110A9 /* Release */,
			);
			defaultConfigurationIsVisible = 0;
			defaultConfigurationName = Release;
		};
		8DFBC5511C58BFC300B110A9 /* Build configuration list for PBXNativeTarget "HelloMetal" */ = {
			isa = XCConfigurationList;
			buildConfigurations = (
				8DFBC5521C58BFC300B110A9 /* Debug */,
				8DFBC5531C58BFC300B110A9 /* Release */,
			);
			defaultConfigurationIsVisible = 0;
			defaultConfigurationName = Release;
		};
/* End XCConfigurationList section */
	};
	rootObject = 8DFBC5371C58BFC200B110A9 /* Project object */;
}
